
Microsoft Visual Studio Solution File, Format Version 12.00
# Visual Studio Version 17
VisualStudioVersion = 17.9.34607.119
MinimumVisualStudioVersion = 10.0.40219.1
Project("{FAE04EC0-301F-11D3-BF4B-00C04F79EFBC}") = "OOP", "OOP\OOP.csproj", "{5A30AA91-AAA9-4B43-969C-672AA422B359}"
EndProject
Global
	GlobalSection(SolutionConfigurationPlatforms) = preSolution
		Debug|Any CPU = Debug|Any CPU
		Release|Any CPU = Release|Any CPU
	EndGlobalSection
	GlobalSection(ProjectConfigurationPlatforms) = postSolution
		{5A30AA91-AAA9-4B43-969C-672AA422B359}.Debug|Any CPU.ActiveCfg = Debug|Any CPU
		{5A30AA91-AAA9-4B43-969C-672AA422B359}.Debug|Any CPU.Build.0 = Debug|Any CPU
		{5A30AA91-AAA9-4B43-969C-672AA422B359}.Release|Any CPU.ActiveCfg = Release|Any CPU
		{5A30AA91-AAA9-4B43-969C-672AA422B359}.Release|Any CPU.Build.0 = Release|Any CPU
	EndGlobalSection
	GlobalSection(SolutionProperties) = preSolution
		HideSolutionNode = FALSE
	EndGlobalSection
	GlobalSection(ExtensibilityGlobals) = postSolution
		SolutionGuid = {B7751143-BD84-47B1-A866-81F11DCD20A7}
	EndGlobalSection
EndGlobal
